
Microsoft Visual Studio Solution File, Format Version 12.00
# Visual Studio 15
Project("{FAE04EC0-301F-11D3-BF4B-00C04F79EFBC}") = "Assembly-CSharp-firstpass", "Assembly-CSharp-firstpass.csproj", "{5790D867-213C-A0F6-5176-F517D39E3F24}"
EndProject
Project("{FAE04EC0-301F-11D3-BF4B-00C04F79EFBC}") = "Assembly-CSharp", "Assembly-CSharp.csproj", "{73037382-4939-2C86-CD1B-4FEB8E4EAC5D}"
EndProject
Global
	GlobalSection(SolutionConfigurationPlatforms) = preSolution
		Debug|Any CPU = Debug|Any CPU
		Release|Any CPU = Release|Any CPU
	EndGlobalSection
	GlobalSection(ProjectConfigurationPlatforms) = postSolution
		{5790D867-213C-A0F6-5176-F517D39E3F24}.Debug|Any CPU.ActiveCfg = Debug|Any CPU
		{5790D867-213C-A0F6-5176-F517D39E3F24}.Debug|Any CPU.Build.0 = Debug|Any CPU
		{5790D867-213C-A0F6-5176-F517D39E3F24}.Release|Any CPU.ActiveCfg = Release|Any CPU
		{5790D867-213C-A0F6-5176-F517D39E3F24}.Release|Any CPU.Build.0 = Release|Any CPU
		{73037382-4939-2C86-CD1B-4FEB8E4EAC5D}.Debug|Any CPU.ActiveCfg = Debug|Any CPU
		{73037382-4939-2C86-CD1B-4FEB8E4EAC5D}.Debug|Any CPU.Build.0 = Debug|Any CPU
		{73037382-4939-2C86-CD1B-4FEB8E4EAC5D}.Release|Any CPU.ActiveCfg = Release|Any CPU
		{73037382-4939-2C86-CD1B-4FEB8E4EAC5D}.Release|Any CPU.Build.0 = Release|Any CPU
	EndGlobalSection
	GlobalSection(SolutionProperties) = preSolution
		HideSolutionNode = FALSE
	EndGlobalSection
EndGlobal
